// !$*UTF8*$!
{
	archiveVersion = 1;
	classes = {
	};
	objectVersion = 46;
	objects = {

/* Begin PBXBuildFile section */
		3CDA1DF21CD99FED00B117AB /* main.m in Sources */ = {isa = PBXBuildFile; fileRef = 3CDA1DF11CD99FED00B117AB /* main.m */; };
		3CDA1DF51CD99FED00B117AB /* AppDelegate.m in Sources */ = {isa = PBXBuildFile; fileRef = 3CDA1DF41CD99FED00B117AB /* AppDelegate.m */; };
		3CDA1DF81CD99FED00B117AB /* ViewController.m in Sources */ = {isa = PBXBuildFile; fileRef = 3CDA1DF71CD99FED00B117AB /* ViewController.m */; };
		3CDA1DFB1CD99FED00B117AB /* Main.storyboard in Resources */ = {isa = PBXBuildFile; fileRef = 3CDA1DF91CD99FED00B117AB /* Main.storyboard */; };
		3CDA1DFD1CD99FED00B117AB /* Assets.xcassets in Resources */ = {isa = PBXBuildFile; fileRef = 3CDA1DFC1CD99FED00B117AB /* Assets.xcassets */; };
		3CDA1E001CD99FED00B117AB /* LaunchScreen.storyboard in Resources */ = {isa = PBXBuildFile; fileRef = 3CDA1DFE1CD99FED00B117AB /* LaunchScreen.storyboard */; };
/* End PBXBuildFile section */

/* Begin PBXFileReference section */
		3CDA1DED1CD99FED00B117AB /* VolumeDemo.app */ = {isa = PBXFileReference; explicitFileType = wrapper.application; includeInIndex = 0; path = VolumeDemo.app; sourceTree = BUILT_PRODUCTS_DIR; };
		3CDA1DF11CD99FED00B117AB /* main.m */ = {isa = PBXFileReference; lastKnownFileType = sourcecode.c.objc; path = main.m; sourceTree = "<group>"; };
		3CDA1DF31CD99FED00B117AB /* AppDelegate.h */ = {isa = PBXFileReference; lastKnownFileType = sourcecode.c.h; path = AppDelegate.h; sourceTree = "<group>"; };
		3CDA1DF41CD99FED00B117AB /* AppDelegate.m */ = {isa = PBXFileReference; lastKnownFileType = sourcecode.c.objc; path = AppDelegate.m; sourceTree = "<group>"; };
		3CDA1DF61CD99FED00B117AB /* ViewController.h */ = {isa = PBXFileReference; lastKnownFileType = sourcecode.c.h; path = ViewController.h; sourceTree = "<group>"; };
		3CDA1DF71CD99FED00B117AB /* ViewController.m */ = {isa = PBXFileReference; lastKnownFileType = sourcecode.c.objc; path = ViewController.m; sourceTree = "<group>"; };
		3CDA1DFA1CD99FED00B117AB /* Base */ = {isa = PBXFileReference; lastKnownFileType = file.storyboard; name = Base; path = Base.lproj/Main.storyboard; sourceTree = "<group>"; };
		3CDA1DFC1CD99FED00B117AB /* Assets.xcassets */ = {isa = PBXFileReference; lastKnownFileType = folder.assetcatalog; path = Assets.xcassets; sourceTree = "<group>"; };
		3CDA1DFF1CD99FED00B117AB /* Base */ = {isa = PBXFileReference; lastKnownFileType = file.storyboard; name = Base; path = Base.lproj/LaunchScreen.storyboard; sourceTree = "<group>"; };
		3CDA1E011CD99FED00B117AB /* Info.plist */ = {isa = PBXFileReference; lastKnownFileType = text.plist.xml; path = Info.plist; sourceTree = "<group>"; };
/* End PBXFileReference section */

/* Begin PBXFrameworksBuildPhase section */
		3CDA1DEA1CD99FED00B117AB /* Frameworks */ = {
			isa = PBXFrameworksBuildPhase;
			buildActionMask = 2147483647;
			files = (
			);
			runOnlyForDeploymentPostprocessing = 0;
		};
/* End PBXFrameworksBuildPhase section */

/* Begin PBXGroup section */
		3CDA1DE41CD99FED00B117AB = {
			isa = PBXGroup;
			children = (
				3CDA1DEF1CD99FED00B117AB /* VolumeDemo */,
				3CDA1DEE1CD99FED00B117AB /* Products */,
			);
			sourceTree = "<group>";
		};
		3CDA1DEE1CD99FED00B117AB /* Products */ = {
			isa = PBXGroup;
			children = (
				3CDA1DED1CD99FED00B117AB /* VolumeDemo.app */,
			);
			name = Products;
			sourceTree = "<group>";
		};
		3CDA1DEF1CD99FED00B117AB /* VolumeDemo */ = {
			isa = PBXGroup;
			children = (
				3CDA1DF31CD99FED00B117AB /* AppDelegate.h */,
				3CDA1DF41CD99FED00B117AB /* AppDelegate.m */,
				3CDA1DF61CD99FED00B117AB /* ViewController.h */,
				3CDA1DF71CD99FED00B117AB /* ViewController.m */,
				3CDA1DF91CD99FED00B117AB /* Main.storyboard */,
				3CDA1DFC1CD99FED00B117AB /* Assets.xcassets */,
				3CDA1DFE1CD99FED00B117AB /* LaunchScreen.storyboard */,
				3CDA1E011CD99FED00B117AB /* Info.plist */,
				3CDA1DF01CD99FED00B117AB /* Supporting Files */,
			);
			path = VolumeDemo;
			sourceTree = "<group>";
		};
		3CDA1DF01CD99FED00B117AB /* Supporting Files */ = {
			isa = PBXGroup;
			children = (
				3CDA1DF11CD99FED00B117AB /* main.m */,
			);
			name = "Supporting Files";
			sourceTree = "<group>";
		};
/* End PBXGroup section */

/* Begin PBXNativeTarget section */
		3CDA1DEC1CD99FED00B117AB /* VolumeDemo */ = {
			isa = PBXNativeTarget;
			buildConfigurationList = 3CDA1E041CD99FED00B117AB /* Build configuration list for PBXNativeTarget "VolumeDemo" */;
			buildPhases = (
				3CDA1DE91CD99FED00B117AB /* Sources */,
				3CDA1DEA1CD99FED00B117AB /* Frameworks */,
				3CDA1DEB1CD99FED00B117AB /* Resources */,
			);
			buildRules = (
			);
			dependencies = (
			);
			name = VolumeDemo;
			productName = VolumeDemo;
			productReference = 3CDA1DED1CD99FED00B117AB /* VolumeDemo.app */;
			productType = "com.apple.product-type.application";
		};
/* End PBXNativeTarget section */

/* Begin PBXProject section */
		3CDA1DE51CD99FED00B117AB /* Project object */ = {
			isa = PBXProject;
			attributes = {
				LastUpgradeCheck = 0720;
				ORGANIZATIONNAME = Tmp;
				TargetAttributes = {
					3CDA1DEC1CD99FED00B117AB = {
						CreatedOnToolsVersion = 7.2.1;
					};
				};
			};
			buildConfigurationList = 3CDA1DE81CD99FED00B117AB /* Build configuration list for PBXProject "VolumeDemo" */;
			compatibilityVersion = "Xcode 3.2";
			developmentRegion = English;
			hasScannedForEncodings = 0;
			knownRegions = (
				en,
				Base,
			);
			mainGroup = 3CDA1DE41CD99FED00B117AB;
			productRefGroup = 3CDA1DEE1CD99FED00B117AB /* Products */;
			projectDirPath = "";
			projectRoot = "";
			targets = (
				3CDA1DEC1CD99FED00B117AB /* VolumeDemo */,
			);
		};
/* End PBXProject section */

/* Begin PBXResourcesBuildPhase section */
		3CDA1DEB1CD99FED00B117AB /* Resources */ = {
			isa = PBXResourcesBuildPhase;
			buildActionMask = 2147483647;
			files = (
				3CDA1E001CD99FED00B117AB /* LaunchScreen.storyboard in Resources */,
				3CDA1DFD1CD99FED00B117AB /* Assets.xcassets in Resources */,
				3CDA1DFB1CD99FED00B117AB /* Main.storyboard in Resources */,
			);
			runOnlyForDeploymentPostprocessing = 0;
		};
/* End PBXResourcesBuildPhase section */

/* Begin PBXSourcesBuildPhase section */
		3CDA1DE91CD99FED00B117AB /* Sources */ = {
			isa = PBXSourcesBuildPhase;
			buildActionMask = 2147483647;
			files = (
				3CDA1DF81CD99FED00B117AB /* ViewController.m in Sources */,
				3CDA1DF51CD99FED00B117AB /* AppDelegate.m in Sources */,
				3CDA1DF21CD99FED00B117AB /* main.m in Sources */,
			);
			runOnlyForDeploymentPostprocessing = 0;
		};
/* End PBXSourcesBuildPhase section */

/* Begin PBXVariantGroup section */
		3CDA1DF91CD99FED00B117AB /* Main.storyboard */ = {
			isa = PBXVariantGroup;
			children = (
				3CDA1DFA1CD99FED00B117AB /* Base */,
			);
			name = Main.storyboard;
			sourceTree = "<group>";
		};
		3CDA1DFE1CD99FED00B117AB /* LaunchScreen.storyboard */ = {
			isa = PBXVariantGroup;
			children = (
				3CDA1DFF1CD99FED00B117AB /* Base */,
			);
			name = LaunchScreen.storyboard;
			sourceTree = "<group>";
		};
/* End PBXVariantGroup section */

/* Begin XCBuildConfiguration section */
		3CDA1E021CD99FED00B117AB /* Debug */ = {
			isa = XCBuildConfiguration;
			buildSettings = {
				ALWAYS_SEARCH_USER_PATHS = NO;
				CLANG_CXX_LANGUAGE_STANDARD = "gnu++0x";
				CLANG_CXX_LIBRARY = "libc++";
				CLANG_ENABLE_MODULES = YES;
				CLANG_ENABLE_OBJC_ARC = YES;
				CLANG_WARN_BOOL_CONVERSION = YES;
				CLANG_WARN_CONSTANT_CONVERSION = YES;
				CLANG_WARN_DIRECT_OBJC_ISA_USAGE = YES_ERROR;
				CLANG_WARN_EMPTY_BODY = YES;
				CLANG_WARN_ENUM_CONVERSION = YES;
				CLANG_WARN_INT_CONVERSION = YES;
				CLANG_WARN_OBJC_ROOT_CLASS = YES_ERROR;
				CLANG_WARN_UNREACHABLE_CODE = YES;
				CLANG_WARN__DUPLICATE_METHOD_MATCH = YES;
				"CODE_SIGN_IDENTITY[sdk=iphoneos*]" = "iPhone Developer";
				COPY_PHASE_STRIP = NO;
				DEBUG_INFORMATION_FORMAT = dwarf;
				ENABLE_STRICT_OBJC_MSGSEND = YES;
				ENABLE_TESTABILITY = YES;
				GCC_C_LANGUAGE_STANDARD = gnu99;
				GCC_DYNAMIC_NO_PIC = NO;
				GCC_NO_COMMON_BLOCKS = YES;
				GCC_OPTIMIZATION_LEVEL = 0;
				GCC_PREPROCESSOR_DEFINITIONS = (
					"DEBUG=1",
					"$(inherited)",
				);
				GCC_WARN_64_TO_32_BIT_CONVERSION = YES;
				GCC_WARN_ABOUT_RETURN_TYPE = YES_ERROR;
				GCC_WARN_UNDECLARED_SELECTOR = YES;
				GCC_WARN_UNINITIALIZED_AUTOS = YES_AGGRESSIVE;
				GCC_WARN_UNUSED_FUNCTION = YES;
				GCC_WARN_UNUSED_VARIABLE = YES;
				IPHONEOS_DEPLOYMENT_TARGET = 9.2;
				MTL_ENABLE_DEBUG_INFO = YES;
				ONLY_ACTIVE_ARCH = YES;
				SDKROOT = iphoneos;
			};
			name = Debug;
		};
		3CDA1E031CD99FED00B117AB /* Release */ = {
			isa = XCBuildConfiguration;
			buildSettings = {
				ALWAYS_SEARCH_USER_PATHS = NO;
				CLANG_CXX_LANGUAGE_STANDARD = "gnu++0x";
				CLANG_CXX_LIBRARY = "libc++";
				CLANG_ENABLE_MODULES = YES;
				CLANG_ENABLE_OBJC_ARC = YES;
				CLANG_WARN_BOOL_CONVERSION = YES;
				CLANG_WARN_CONSTANT_CONVERSION = YES;
				CLANG_WARN_DIRECT_OBJC_ISA_USAGE = YES_ERROR;
				CLANG_WARN_EMPTY_BODY = YES;
				CLANG_WARN_ENUM_CONVERSION = YES;
				CLANG_WARN_INT_CONVERSION = YES;
				CLANG_WARN_OBJC_ROOT_CLASS = YES_ERROR;
				CLANG_WARN_UNREACHABLE_CODE = YES;
				CLANG_WARN__DUPLICATE_METHOD_MATCH = YES;
				"CODE_SIGN_IDENTITY[sdk=iphoneos*]" = "iPhone Developer";
				COPY_PHASE_STRIP = NO;
				DEBUG_INFORMATION_FORMAT = "dwarf-with-dsym";
				ENABLE_NS_ASSERTIONS = NO;
				ENABLE_STRICT_OBJC_MSGSEND = YES;
				GCC_C_LANGUAGE_STANDARD = gnu99;
				GCC_NO_COMMON_BLOCKS = YES;
				GCC_WARN_64_TO_32_BIT_CONVERSION = YES;
				GCC_WARN_ABOUT_RETURN_TYPE = YES_ERROR;
				GCC_WARN_UNDECLARED_SELECTOR = YES;
				GCC_WARN_UNINITIALIZED_AUTOS = YES_AGGRESSIVE;
				GCC_WARN_UNUSED_FUNCTION = YES;
				GCC_WARN_UNUSED_VARIABLE = YES;
				IPHONEOS_DEPLOYMENT_TARGET = 9.2;
				MTL_ENABLE_DEBUG_INFO = NO;
				SDKROOT = iphoneos;
				VALIDATE_PRODUCT = YES;
			};
			name = Release;
		};
		3CDA1E051CD99FED00B117AB /* Debug */ = {
			isa = XCBuildConfiguration;
			buildSettings = {
				ASSETCATALOG_COMPILER_APPICON_NAME = AppIcon;
				INFOPLIST_FILE = VolumeDemo/Info.plist;
				LD_RUNPATH_SEARCH_PATHS = "$(inherited) @executable_path/Frameworks";
				PRODUCT_BUNDLE_IDENTIFIER = com.Tmp.VolumeDemo;
				PRODUCT_NAME = "$(TARGET_NAME)";
			};
			name = Debug;
		};
		3CDA1E061CD99FED00B117AB /* Release */ = {
			isa = XCBuildConfiguration;
			buildSettings = {
				ASSETCATALOG_COMPILER_APPICON_NAME = AppIcon;
				INFOPLIST_FILE = VolumeDemo/Info.plist;
				LD_RUNPATH_SEARCH_PATHS = "$(inherited) @executable_path/Frameworks";
				PRODUCT_BUNDLE_IDENTIFIER = com.Tmp.VolumeDemo;
				PRODUCT_NAME = "$(TARGET_NAME)";
			};
			name = Release;
		};
/* End XCBuildConfiguration section */

/* Begin XCConfigurationList section */
		3CDA1DE81CD99FED00B117AB /* Build configuration list for PBXProject "VolumeDemo" */ = {
			isa = XCConfigurationList;
			buildConfigurations = (
				3CDA1E021CD99FED00B117AB /* Debug */,
				3CDA1E031CD99FED00B117AB /* Release */,
			);
			defaultConfigurationIsVisible = 0;
			defaultConfigurationName = Release;
		};
		3CDA1E041CD99FED00B117AB /* Build configuration list for PBXNativeTarget "VolumeDemo" */ = {
			isa = XCConfigurationList;
			buildConfigurations = (
				3CDA1E051CD99FED00B117AB /* Debug */,
				3CDA1E061CD99FED00B117AB /* Release */,
			);
			defaultConfigurationIsVisible = 0;
		};
/* End XCConfigurationList section */
	};
	rootObject = 3CDA1DE51CD99FED00B117AB /* Project object */;
}
